
Microsoft Visual Studio Solution File, Format Version 12.00
Project("{FAE04EC0-301F-11D3-BF4B-00C04F79EFBC}") = "FizzBuzzTdd", "FizzBuzzTdd\FizzBuzzTdd.csproj", "{4193D0B8-329C-4307-932A-B8E2FE7368ED}"
EndProject
Project("{FAE04EC0-301F-11D3-BF4B-00C04F79EFBC}") = "FizzBuzzTdd.Test", "FizzBuzzTdd.Test\FizzBuzzTdd.Test.csproj", "{103B7218-7E8D-48A4-B810-CDED78C92448}"
EndProject
Global
	GlobalSection(SolutionConfigurationPlatforms) = preSolution
		Debug|Any CPU = Debug|Any CPU
		Release|Any CPU = Release|Any CPU
	EndGlobalSection
	GlobalSection(ProjectConfigurationPlatforms) = postSolution
		{4193D0B8-329C-4307-932A-B8E2FE7368ED}.Debug|Any CPU.ActiveCfg = Debug|Any CPU
		{4193D0B8-329C-4307-932A-B8E2FE7368ED}.Debug|Any CPU.Build.0 = Debug|Any CPU
		{4193D0B8-329C-4307-932A-B8E2FE7368ED}.Release|Any CPU.ActiveCfg = Release|Any CPU
		{4193D0B8-329C-4307-932A-B8E2FE7368ED}.Release|Any CPU.Build.0 = Release|Any CPU
		{103B7218-7E8D-48A4-B810-CDED78C92448}.Debug|Any CPU.ActiveCfg = Debug|Any CPU
		{103B7218-7E8D-48A4-B810-CDED78C92448}.Debug|Any CPU.Build.0 = Debug|Any CPU
		{103B7218-7E8D-48A4-B810-CDED78C92448}.Release|Any CPU.ActiveCfg = Release|Any CPU
		{103B7218-7E8D-48A4-B810-CDED78C92448}.Release|Any CPU.Build.0 = Release|Any CPU
	EndGlobalSection
EndGlobal
